
Microsoft Visual Studio Solution File, Format Version 12.00
# Visual Studio Version 17
VisualStudioVersion = 17.13.36105.23
MinimumVisualStudioVersion = 10.0.40219.1
Project("{FAE04EC0-301F-11D3-BF4B-00C04F79EFBC}") = "Two Sum", "Two Sum\Two Sum.csproj", "{73002A9E-CFA2-4A94-AD74-E0B6D7DCF8A1}"
EndProject
Project("{FAE04EC0-301F-11D3-BF4B-00C04F79EFBC}") = "Palindrome Number", "Palindrome Number\Palindrome Number.csproj", "{AE8BCB87-5F28-45DA-BC17-93FF40AC9C4B}"
EndProject
Project("{FAE04EC0-301F-11D3-BF4B-00C04F79EFBC}") = "Roman to Integer", "Roman to Integer\Roman to Integer.csproj", "{A3BEA36C-2257-4EE9-BB0A-35F03AD5EC3A}"
EndProject
Project("{FAE04EC0-301F-11D3-BF4B-00C04F79EFBC}") = "Longest Common Prefix", "Longest Common Prefix\Longest Common Prefix.csproj", "{EBE83868-95C1-4878-9D10-E594FDC7532B}"
EndProject
Project("{FAE04EC0-301F-11D3-BF4B-00C04F79EFBC}") = "Valid Parentheses", "Valid Parentheses\Valid Parentheses.csproj", "{554D198A-986A-4DB8-8E6C-A872C500D0AA}"
EndProject
Project("{FAE04EC0-301F-11D3-BF4B-00C04F79EFBC}") = "Merge Two Sorted Lists", "Merge Two Sorted Lists\Merge Two Sorted Lists.csproj", "{4B770067-032B-4BD8-A2BD-F3A46DBCBAFF}"
EndProject
Global
	GlobalSection(SolutionConfigurationPlatforms) = preSolution
		Debug|Any CPU = Debug|Any CPU
		Release|Any CPU = Release|Any CPU
	EndGlobalSection
	GlobalSection(ProjectConfigurationPlatforms) = postSolution
		{73002A9E-CFA2-4A94-AD74-E0B6D7DCF8A1}.Debug|Any CPU.ActiveCfg = Debug|Any CPU
		{73002A9E-CFA2-4A94-AD74-E0B6D7DCF8A1}.Debug|Any CPU.Build.0 = Debug|Any CPU
		{73002A9E-CFA2-4A94-AD74-E0B6D7DCF8A1}.Release|Any CPU.ActiveCfg = Release|Any CPU
		{73002A9E-CFA2-4A94-AD74-E0B6D7DCF8A1}.Release|Any CPU.Build.0 = Release|Any CPU
		{AE8BCB87-5F28-45DA-BC17-93FF40AC9C4B}.Debug|Any CPU.ActiveCfg = Debug|Any CPU
		{AE8BCB87-5F28-45DA-BC17-93FF40AC9C4B}.Debug|Any CPU.Build.0 = Debug|Any CPU
		{AE8BCB87-5F28-45DA-BC17-93FF40AC9C4B}.Release|Any CPU.ActiveCfg = Release|Any CPU
		{AE8BCB87-5F28-45DA-BC17-93FF40AC9C4B}.Release|Any CPU.Build.0 = Release|Any CPU
		{A3BEA36C-2257-4EE9-BB0A-35F03AD5EC3A}.Debug|Any CPU.ActiveCfg = Debug|Any CPU
		{A3BEA36C-2257-4EE9-BB0A-35F03AD5EC3A}.Debug|Any CPU.Build.0 = Debug|Any CPU
		{A3BEA36C-2257-4EE9-BB0A-35F03AD5EC3A}.Release|Any CPU.ActiveCfg = Release|Any CPU
		{A3BEA36C-2257-4EE9-BB0A-35F03AD5EC3A}.Release|Any CPU.Build.0 = Release|Any CPU
		{EBE83868-95C1-4878-9D10-E594FDC7532B}.Debug|Any CPU.ActiveCfg = Debug|Any CPU
		{EBE83868-95C1-4878-9D10-E594FDC7532B}.Debug|Any CPU.Build.0 = Debug|Any CPU
		{EBE83868-95C1-4878-9D10-E594FDC7532B}.Release|Any CPU.ActiveCfg = Release|Any CPU
		{EBE83868-95C1-4878-9D10-E594FDC7532B}.Release|Any CPU.Build.0 = Release|Any CPU
		{554D198A-986A-4DB8-8E6C-A872C500D0AA}.Debug|Any CPU.ActiveCfg = Debug|Any CPU
		{554D198A-986A-4DB8-8E6C-A872C500D0AA}.Debug|Any CPU.Build.0 = Debug|Any CPU
		{554D198A-986A-4DB8-8E6C-A872C500D0AA}.Release|Any CPU.ActiveCfg = Release|Any CPU
		{554D198A-986A-4DB8-8E6C-A872C500D0AA}.Release|Any CPU.Build.0 = Release|Any CPU
		{4B770067-032B-4BD8-A2BD-F3A46DBCBAFF}.Debug|Any CPU.ActiveCfg = Debug|Any CPU
		{4B770067-032B-4BD8-A2BD-F3A46DBCBAFF}.Debug|Any CPU.Build.0 = Debug|Any CPU
		{4B770067-032B-4BD8-A2BD-F3A46DBCBAFF}.Release|Any CPU.ActiveCfg = Release|Any CPU
		{4B770067-032B-4BD8-A2BD-F3A46DBCBAFF}.Release|Any CPU.Build.0 = Release|Any CPU
	EndGlobalSection
	GlobalSection(SolutionProperties) = preSolution
		HideSolutionNode = FALSE
	EndGlobalSection
	GlobalSection(ExtensibilityGlobals) = postSolution
		SolutionGuid = {DB2365A3-E722-4F5D-A077-AAC2459296CF}
	EndGlobalSection
EndGlobal
