
Microsoft Visual Studio Solution File, Format Version 12.00
# Visual Studio Version 17
VisualStudioVersion = 17.13.36105.23
MinimumVisualStudioVersion = 10.0.40219.1
Project("{FAE04EC0-301F-11D3-BF4B-00C04F79EFBC}") = "Two Sum", "Two Sum\Two Sum.csproj", "{73002A9E-CFA2-4A94-AD74-E0B6D7DCF8A1}"
EndProject
Project("{FAE04EC0-301F-11D3-BF4B-00C04F79EFBC}") = "Palindrome Number", "Palindrome Number\Palindrome Number.csproj", "{AE8BCB87-5F28-45DA-BC17-93FF40AC9C4B}"
EndProject
Global
	GlobalSection(SolutionConfigurationPlatforms) = preSolution
		Debug|Any CPU = Debug|Any CPU
		Release|Any CPU = Release|Any CPU
	EndGlobalSection
	GlobalSection(ProjectConfigurationPlatforms) = postSolution
		{73002A9E-CFA2-4A94-AD74-E0B6D7DCF8A1}.Debug|Any CPU.ActiveCfg = Debug|Any CPU
		{73002A9E-CFA2-4A94-AD74-E0B6D7DCF8A1}.Debug|Any CPU.Build.0 = Debug|Any CPU
		{73002A9E-CFA2-4A94-AD74-E0B6D7DCF8A1}.Release|Any CPU.ActiveCfg = Release|Any CPU
		{73002A9E-CFA2-4A94-AD74-E0B6D7DCF8A1}.Release|Any CPU.Build.0 = Release|Any CPU
		{AE8BCB87-5F28-45DA-BC17-93FF40AC9C4B}.Debug|Any CPU.ActiveCfg = Debug|Any CPU
		{AE8BCB87-5F28-45DA-BC17-93FF40AC9C4B}.Debug|Any CPU.Build.0 = Debug|Any CPU
		{AE8BCB87-5F28-45DA-BC17-93FF40AC9C4B}.Release|Any CPU.ActiveCfg = Release|Any CPU
		{AE8BCB87-5F28-45DA-BC17-93FF40AC9C4B}.Release|Any CPU.Build.0 = Release|Any CPU
	EndGlobalSection
	GlobalSection(SolutionProperties) = preSolution
		HideSolutionNode = FALSE
	EndGlobalSection
	GlobalSection(ExtensibilityGlobals) = postSolution
		SolutionGuid = {DB2365A3-E722-4F5D-A077-AAC2459296CF}
	EndGlobalSection
EndGlobal
